// !$*UTF8*$!
{
	archiveVersion = 1;
	classes = {
	};
	objectVersion = 50;
	objects = {

/* Begin PBXBuildFile section */
		E661290B27AB1EAD00B5134C /* Matrix.cpp in Sources */ = {isa = PBXBuildFile; fileRef = E66128E027A8F55B00B5134C /* Matrix.cpp */; };
		E661291D27AD885E00B5134C /* Makefile in Sources */ = {isa = PBXBuildFile; fileRef = E66128ED27A8F55C00B5134C /* Makefile */; };
		E661292527ADD47700B5134C /* unit_test_framework.h in Sources */ = {isa = PBXBuildFile; fileRef = E66128FF27AA2C5600B5134C /* unit_test_framework.h */; };
		E661293727ADF65C00B5134C /* Matrix.h in Sources */ = {isa = PBXBuildFile; fileRef = E66128DC27A8F55B00B5134C /* Matrix.h */; };
		E661293E27ADFF5600B5134C /* Matrix_tests.cpp in Sources */ = {isa = PBXBuildFile; fileRef = E66128EE27A8F55C00B5134C /* Matrix_tests.cpp */; };
/* End PBXBuildFile section */

/* Begin PBXCopyFilesBuildPhase section */
		E66128BE27A8F51F00B5134C /* CopyFiles */ = {
			isa = PBXCopyFilesBuildPhase;
			buildActionMask = 2147483647;
			dstPath = /usr/share/man/man1/;
			dstSubfolderSpec = 0;
			files = (
			);
			runOnlyForDeploymentPostprocessing = 1;
		};
/* End PBXCopyFilesBuildPhase section */

/* Begin PBXFileReference section */
		E66128C027A8F51F00B5134C /* p2-cv */ = {isa = PBXFileReference; explicitFileType = "compiled.mach-o.executable"; includeInIndex = 0; path = "p2-cv"; sourceTree = BUILT_PRODUCTS_DIR; };
		E66128CA27A8F55A00B5134C /* crabster.ppm */ = {isa = PBXFileReference; fileEncoding = 4; lastKnownFileType = text; name = crabster.ppm; path = ../../crabster.ppm; sourceTree = "<group>"; };
		E66128CB27A8F55A00B5134C /* crabster_removed.correct.ppm */ = {isa = PBXFileReference; fileEncoding = 4; lastKnownFileType = text; name = crabster_removed.correct.ppm; path = ../../crabster_removed.correct.ppm; sourceTree = "<group>"; };
		E66128CC27A8F55A00B5134C /* crabster_seam_correct.txt */ = {isa = PBXFileReference; fileEncoding = 4; lastKnownFileType = text; name = crabster_seam_correct.txt; path = ../../crabster_seam_correct.txt; sourceTree = "<group>"; };
		E66128CD27A8F55A00B5134C /* dog_energy_correct.txt */ = {isa = PBXFileReference; fileEncoding = 4; lastKnownFileType = text; name = dog_energy_correct.txt; path = ../../dog_energy_correct.txt; sourceTree = "<group>"; };
		E66128CE27A8F55A00B5134C /* Image.h */ = {isa = PBXFileReference; fileEncoding = 4; lastKnownFileType = sourcecode.c.h; name = Image.h; path = ../../Image.h; sourceTree = "<group>"; };
		E66128CF27A8F55A00B5134C /* dog_seam_correct.txt */ = {isa = PBXFileReference; fileEncoding = 4; lastKnownFileType = text; name = dog_seam_correct.txt; path = ../../dog_seam_correct.txt; sourceTree = "<group>"; };
		E66128D027A8F55A00B5134C /* Image_test_helpers.h */ = {isa = PBXFileReference; fileEncoding = 4; lastKnownFileType = sourcecode.c.h; name = Image_test_helpers.h; path = ../../Image_test_helpers.h; sourceTree = "<group>"; };
		E66128D127A8F55A00B5134C /* crabster_left.correct.ppm */ = {isa = PBXFileReference; fileEncoding = 4; lastKnownFileType = text; name = crabster_left.correct.ppm; path = ../../crabster_left.correct.ppm; sourceTree = "<group>"; };
		E66128D227A8F55B00B5134C /* Image.cpp */ = {isa = PBXFileReference; fileEncoding = 4; lastKnownFileType = sourcecode.cpp.cpp; name = Image.cpp; path = ../../Image.cpp; sourceTree = "<group>"; };
		E66128D327A8F55B00B5134C /* horses_seam_correct.txt */ = {isa = PBXFileReference; fileEncoding = 4; lastKnownFileType = text; name = horses_seam_correct.txt; path = ../../horses_seam_correct.txt; sourceTree = "<group>"; };
		E66128D427A8F55B00B5134C /* Image_test_helpers.cpp */ = {isa = PBXFileReference; fileEncoding = 4; lastKnownFileType = sourcecode.cpp.cpp; name = Image_test_helpers.cpp; path = ../../Image_test_helpers.cpp; sourceTree = "<group>"; };
		E66128D527A8F55B00B5134C /* crabster_cost_correct.txt */ = {isa = PBXFileReference; fileEncoding = 4; lastKnownFileType = text; name = crabster_cost_correct.txt; path = ../../crabster_cost_correct.txt; sourceTree = "<group>"; };
		E66128D727A8F55B00B5134C /* dog_right.correct.ppm */ = {isa = PBXFileReference; fileEncoding = 4; lastKnownFileType = text; name = dog_right.correct.ppm; path = ../../dog_right.correct.ppm; sourceTree = "<group>"; };
		E66128D827A8F55B00B5134C /* crabster_energy_correct.txt */ = {isa = PBXFileReference; fileEncoding = 4; lastKnownFileType = text; name = crabster_energy_correct.txt; path = ../../crabster_energy_correct.txt; sourceTree = "<group>"; };
		E66128D927A8F55B00B5134C /* dog_cost_correct.txt */ = {isa = PBXFileReference; fileEncoding = 4; lastKnownFileType = text; name = dog_cost_correct.txt; path = ../../dog_cost_correct.txt; sourceTree = "<group>"; };
		E66128DA27A8F55B00B5134C /* dog.ppm */ = {isa = PBXFileReference; fileEncoding = 4; lastKnownFileType = text; name = dog.ppm; path = ../../dog.ppm; sourceTree = "<group>"; };
		E66128DB27A8F55B00B5134C /* Image_tests.cpp */ = {isa = PBXFileReference; fileEncoding = 4; lastKnownFileType = sourcecode.cpp.cpp; name = Image_tests.cpp; path = ../../Image_tests.cpp; sourceTree = "<group>"; };
		E66128DC27A8F55B00B5134C /* Matrix.h */ = {isa = PBXFileReference; fileEncoding = 4; lastKnownFileType = sourcecode.c.h; name = Matrix.h; path = ../../Matrix.h; sourceTree = "<group>"; };
		E66128DD27A8F55B00B5134C /* horses_right.correct.ppm */ = {isa = PBXFileReference; fileEncoding = 4; lastKnownFileType = text; name = horses_right.correct.ppm; path = ../../horses_right.correct.ppm; sourceTree = "<group>"; };
		E66128DE27A8F55B00B5134C /* Matrix_public_test.cpp */ = {isa = PBXFileReference; fileEncoding = 4; lastKnownFileType = sourcecode.cpp.cpp; name = Matrix_public_test.cpp; path = ../../Matrix_public_test.cpp; sourceTree = "<group>"; };
		E66128DF27A8F55B00B5134C /* Matrix_test_helpers.cpp */ = {isa = PBXFileReference; fileEncoding = 4; lastKnownFileType = sourcecode.cpp.cpp; name = Matrix_test_helpers.cpp; path = ../../Matrix_test_helpers.cpp; sourceTree = "<group>"; };
		E66128E027A8F55B00B5134C /* Matrix.cpp */ = {isa = PBXFileReference; fileEncoding = 4; lastKnownFileType = sourcecode.cpp.cpp; name = Matrix.cpp; path = ../../Matrix.cpp; sourceTree = "<group>"; };
		E66128E127A8F55B00B5134C /* crabster_right.correct.ppm */ = {isa = PBXFileReference; fileEncoding = 4; lastKnownFileType = text; name = crabster_right.correct.ppm; path = ../../crabster_right.correct.ppm; sourceTree = "<group>"; };
		E66128E227A8F55B00B5134C /* horses_left.correct.ppm */ = {isa = PBXFileReference; fileEncoding = 4; lastKnownFileType = text; name = horses_left.correct.ppm; path = ../../horses_left.correct.ppm; sourceTree = "<group>"; };
		E66128E327A8F55B00B5134C /* crabster_70x35.correct.ppm */ = {isa = PBXFileReference; fileEncoding = 4; lastKnownFileType = text; name = crabster_70x35.correct.ppm; path = ../../crabster_70x35.correct.ppm; sourceTree = "<group>"; };
		E66128E427A8F55B00B5134C /* horses_removed.correct.ppm */ = {isa = PBXFileReference; fileEncoding = 4; lastKnownFileType = text; name = horses_removed.correct.ppm; path = ../../horses_removed.correct.ppm; sourceTree = "<group>"; };
		E66128E527A8F55B00B5134C /* horses_300x382.correct.ppm */ = {isa = PBXFileReference; fileEncoding = 4; lastKnownFileType = text; name = horses_300x382.correct.ppm; path = ../../horses_300x382.correct.ppm; sourceTree = "<group>"; };
		E66128E627A8F55B00B5134C /* horses_cost_correct.txt */ = {isa = PBXFileReference; fileEncoding = 4; lastKnownFileType = text; name = horses_cost_correct.txt; path = ../../horses_cost_correct.txt; sourceTree = "<group>"; };
		E66128E727A8F55B00B5134C /* Matrix_test_helpers.h */ = {isa = PBXFileReference; fileEncoding = 4; lastKnownFileType = sourcecode.c.h; name = Matrix_test_helpers.h; path = ../../Matrix_test_helpers.h; sourceTree = "<group>"; };
		E66128E827A8F55B00B5134C /* horses_energy_correct.txt */ = {isa = PBXFileReference; fileEncoding = 4; lastKnownFileType = text; name = horses_energy_correct.txt; path = ../../horses_energy_correct.txt; sourceTree = "<group>"; };
		E66128E927A8F55B00B5134C /* dog_removed.correct.ppm */ = {isa = PBXFileReference; fileEncoding = 4; lastKnownFileType = text; name = dog_removed.correct.ppm; path = ../../dog_removed.correct.ppm; sourceTree = "<group>"; };
		E66128EA27A8F55B00B5134C /* horses_400x250.correct.ppm */ = {isa = PBXFileReference; fileEncoding = 4; lastKnownFileType = text; name = horses_400x250.correct.ppm; path = ../../horses_400x250.correct.ppm; sourceTree = "<group>"; };
		E66128EB27A8F55C00B5134C /* dog_left.correct.ppm */ = {isa = PBXFileReference; fileEncoding = 4; lastKnownFileType = text; name = dog_left.correct.ppm; path = ../../dog_left.correct.ppm; sourceTree = "<group>"; };
		E66128ED27A8F55C00B5134C /* Makefile */ = {isa = PBXFileReference; fileEncoding = 4; lastKnownFileType = sourcecode.make; name = Makefile; path = ../../Makefile; sourceTree = "<group>"; };
		E66128EE27A8F55C00B5134C /* Matrix_tests.cpp */ = {isa = PBXFileReference; fileEncoding = 4; lastKnownFileType = sourcecode.cpp.cpp; name = Matrix_tests.cpp; path = ../../Matrix_tests.cpp; sourceTree = "<group>"; };
		E66128EF27A8F55C00B5134C /* dog_4x5.correct.ppm */ = {isa = PBXFileReference; fileEncoding = 4; lastKnownFileType = text; name = dog_4x5.correct.ppm; path = ../../dog_4x5.correct.ppm; sourceTree = "<group>"; };
		E66128F027A8F55C00B5134C /* Image_public_test.cpp */ = {isa = PBXFileReference; fileEncoding = 4; lastKnownFileType = sourcecode.cpp.cpp; name = Image_public_test.cpp; path = ../../Image_public_test.cpp; sourceTree = "<group>"; };
		E66128FA27A8F5EA00B5134C /* horses.ppm */ = {isa = PBXFileReference; fileEncoding = 4; lastKnownFileType = text; name = horses.ppm; path = ../../horses.ppm; sourceTree = "<group>"; };
		E66128FB27A8F5F800B5134C /* crabster_50x45.correct.ppm */ = {isa = PBXFileReference; fileEncoding = 4; lastKnownFileType = text; name = crabster_50x45.correct.ppm; path = ../../crabster_50x45.correct.ppm; sourceTree = "<group>"; };
		E66128FC27AA2C5600B5134C /* processing.h */ = {isa = PBXFileReference; fileEncoding = 4; lastKnownFileType = sourcecode.c.h; name = processing.h; path = ../../processing.h; sourceTree = "<group>"; };
		E66128FD27AA2C5600B5134C /* processing.cpp */ = {isa = PBXFileReference; fileEncoding = 4; lastKnownFileType = sourcecode.cpp.cpp; name = processing.cpp; path = ../../processing.cpp; sourceTree = "<group>"; };
		E66128FE27AA2C5600B5134C /* resize.cpp */ = {isa = PBXFileReference; fileEncoding = 4; lastKnownFileType = sourcecode.cpp.cpp; name = resize.cpp; path = ../../resize.cpp; sourceTree = "<group>"; };
		E66128FF27AA2C5600B5134C /* unit_test_framework.h */ = {isa = PBXFileReference; fileEncoding = 4; lastKnownFileType = sourcecode.c.h; name = unit_test_framework.h; path = ../../unit_test_framework.h; sourceTree = "<group>"; };
		E661290027AA2C5600B5134C /* processing_public_tests.cpp */ = {isa = PBXFileReference; fileEncoding = 4; lastKnownFileType = sourcecode.cpp.cpp; name = processing_public_tests.cpp; path = ../../processing_public_tests.cpp; sourceTree = "<group>"; };
		E661293F27AE04D200B5134C /* REDME.md */ = {isa = PBXFileReference; fileEncoding = 4; lastKnownFileType = net.daringfireball.markdown; name = REDME.md; path = ../../REDME.md; sourceTree = "<group>"; };
/* End PBXFileReference section */

/* Begin PBXFrameworksBuildPhase section */
		E66128BD27A8F51F00B5134C /* Frameworks */ = {
			isa = PBXFrameworksBuildPhase;
			buildActionMask = 2147483647;
			files = (
			);
			runOnlyForDeploymentPostprocessing = 0;
		};
/* End PBXFrameworksBuildPhase section */

/* Begin PBXGroup section */
		E66128B727A8F51F00B5134C = {
			isa = PBXGroup;
			children = (
				E66128C227A8F51F00B5134C /* p2-cv */,
				E66128C127A8F51F00B5134C /* Products */,
			);
			sourceTree = "<group>";
		};
		E66128C127A8F51F00B5134C /* Products */ = {
			isa = PBXGroup;
			children = (
				E66128C027A8F51F00B5134C /* p2-cv */,
			);
			name = Products;
			sourceTree = "<group>";
		};
		E66128C227A8F51F00B5134C /* p2-cv */ = {
			isa = PBXGroup;
			children = (
				E661293F27AE04D200B5134C /* REDME.md */,
				E661290027AA2C5600B5134C /* processing_public_tests.cpp */,
				E66128FD27AA2C5600B5134C /* processing.cpp */,
				E66128FC27AA2C5600B5134C /* processing.h */,
				E66128FE27AA2C5600B5134C /* resize.cpp */,
				E66128FF27AA2C5600B5134C /* unit_test_framework.h */,
				E66128F027A8F55C00B5134C /* Image_public_test.cpp */,
				E66128D027A8F55A00B5134C /* Image_test_helpers.h */,
				E66128D427A8F55B00B5134C /* Image_test_helpers.cpp */,
				E66128DB27A8F55B00B5134C /* Image_tests.cpp */,
				E66128CE27A8F55A00B5134C /* Image.h */,
				E66128D227A8F55B00B5134C /* Image.cpp */,
				E66128DE27A8F55B00B5134C /* Matrix_public_test.cpp */,
				E66128E727A8F55B00B5134C /* Matrix_test_helpers.h */,
				E66128DF27A8F55B00B5134C /* Matrix_test_helpers.cpp */,
				E66128EE27A8F55C00B5134C /* Matrix_tests.cpp */,
				E66128DC27A8F55B00B5134C /* Matrix.h */,
				E66128E027A8F55B00B5134C /* Matrix.cpp */,
				E66128FB27A8F5F800B5134C /* crabster_50x45.correct.ppm */,
				E66128E327A8F55B00B5134C /* crabster_70x35.correct.ppm */,
				E66128FA27A8F5EA00B5134C /* horses.ppm */,
				E66128D527A8F55B00B5134C /* crabster_cost_correct.txt */,
				E66128D827A8F55B00B5134C /* crabster_energy_correct.txt */,
				E66128D127A8F55A00B5134C /* crabster_left.correct.ppm */,
				E66128CB27A8F55A00B5134C /* crabster_removed.correct.ppm */,
				E66128E127A8F55B00B5134C /* crabster_right.correct.ppm */,
				E66128CC27A8F55A00B5134C /* crabster_seam_correct.txt */,
				E66128CA27A8F55A00B5134C /* crabster.ppm */,
				E66128EF27A8F55C00B5134C /* dog_4x5.correct.ppm */,
				E66128D927A8F55B00B5134C /* dog_cost_correct.txt */,
				E66128CD27A8F55A00B5134C /* dog_energy_correct.txt */,
				E66128EB27A8F55C00B5134C /* dog_left.correct.ppm */,
				E66128E927A8F55B00B5134C /* dog_removed.correct.ppm */,
				E66128D727A8F55B00B5134C /* dog_right.correct.ppm */,
				E66128CF27A8F55A00B5134C /* dog_seam_correct.txt */,
				E66128DA27A8F55B00B5134C /* dog.ppm */,
				E66128E527A8F55B00B5134C /* horses_300x382.correct.ppm */,
				E66128EA27A8F55B00B5134C /* horses_400x250.correct.ppm */,
				E66128E627A8F55B00B5134C /* horses_cost_correct.txt */,
				E66128E827A8F55B00B5134C /* horses_energy_correct.txt */,
				E66128E227A8F55B00B5134C /* horses_left.correct.ppm */,
				E66128E427A8F55B00B5134C /* horses_removed.correct.ppm */,
				E66128DD27A8F55B00B5134C /* horses_right.correct.ppm */,
				E66128D327A8F55B00B5134C /* horses_seam_correct.txt */,
				E66128ED27A8F55C00B5134C /* Makefile */,
			);
			path = "p2-cv";
			sourceTree = "<group>";
		};
/* End PBXGroup section */

/* Begin PBXNativeTarget section */
		E66128BF27A8F51F00B5134C /* p2-cv */ = {
			isa = PBXNativeTarget;
			buildConfigurationList = E66128C727A8F51F00B5134C /* Build configuration list for PBXNativeTarget "p2-cv" */;
			buildPhases = (
				E66128BC27A8F51F00B5134C /* Sources */,
				E66128BD27A8F51F00B5134C /* Frameworks */,
				E66128BE27A8F51F00B5134C /* CopyFiles */,
			);
			buildRules = (
			);
			dependencies = (
			);
			name = "p2-cv";
			productName = "p2-cv";
			productReference = E66128C027A8F51F00B5134C /* p2-cv */;
			productType = "com.apple.product-type.tool";
		};
/* End PBXNativeTarget section */

/* Begin PBXProject section */
		E66128B827A8F51F00B5134C /* Project object */ = {
			isa = PBXProject;
			attributes = {
				LastUpgradeCheck = 1250;
				TargetAttributes = {
					E66128BF27A8F51F00B5134C = {
						CreatedOnToolsVersion = 12.5.1;
					};
				};
			};
			buildConfigurationList = E66128BB27A8F51F00B5134C /* Build configuration list for PBXProject "p2-cv" */;
			compatibilityVersion = "Xcode 9.3";
			developmentRegion = en;
			hasScannedForEncodings = 0;
			knownRegions = (
				en,
				Base,
			);
			mainGroup = E66128B727A8F51F00B5134C;
			productRefGroup = E66128C127A8F51F00B5134C /* Products */;
			projectDirPath = "";
			projectRoot = "";
			targets = (
				E66128BF27A8F51F00B5134C /* p2-cv */,
			);
		};
/* End PBXProject section */

/* Begin PBXSourcesBuildPhase section */
		E66128BC27A8F51F00B5134C /* Sources */ = {
			isa = PBXSourcesBuildPhase;
			buildActionMask = 2147483647;
			files = (
				E661293E27ADFF5600B5134C /* Matrix_tests.cpp in Sources */,
				E661293727ADF65C00B5134C /* Matrix.h in Sources */,
				E661292527ADD47700B5134C /* unit_test_framework.h in Sources */,
				E661291D27AD885E00B5134C /* Makefile in Sources */,
				E661290B27AB1EAD00B5134C /* Matrix.cpp in Sources */,
			);
			runOnlyForDeploymentPostprocessing = 0;
		};
/* End PBXSourcesBuildPhase section */

/* Begin XCBuildConfiguration section */
		E66128C527A8F51F00B5134C /* Debug */ = {
			isa = XCBuildConfiguration;
			buildSettings = {
				ALWAYS_SEARCH_USER_PATHS = NO;
				CLANG_ANALYZER_NONNULL = YES;
				CLANG_ANALYZER_NUMBER_OBJECT_CONVERSION = YES_AGGRESSIVE;
				CLANG_CXX_LANGUAGE_STANDARD = "gnu++14";
				CLANG_CXX_LIBRARY = "libc++";
				CLANG_ENABLE_MODULES = YES;
				CLANG_ENABLE_OBJC_ARC = YES;
				CLANG_ENABLE_OBJC_WEAK = YES;
				CLANG_WARN_BLOCK_CAPTURE_AUTORELEASING = YES;
				CLANG_WARN_BOOL_CONVERSION = YES;
				CLANG_WARN_COMMA = YES;
				CLANG_WARN_CONSTANT_CONVERSION = YES;
				CLANG_WARN_DEPRECATED_OBJC_IMPLEMENTATIONS = YES;
				CLANG_WARN_DIRECT_OBJC_ISA_USAGE = YES_ERROR;
				CLANG_WARN_DOCUMENTATION_COMMENTS = YES;
				CLANG_WARN_EMPTY_BODY = YES;
				CLANG_WARN_ENUM_CONVERSION = YES;
				CLANG_WARN_INFINITE_RECURSION = YES;
				CLANG_WARN_INT_CONVERSION = YES;
				CLANG_WARN_NON_LITERAL_NULL_CONVERSION = YES;
				CLANG_WARN_OBJC_IMPLICIT_RETAIN_SELF = YES;
				CLANG_WARN_OBJC_LITERAL_CONVERSION = YES;
				CLANG_WARN_OBJC_ROOT_CLASS = YES_ERROR;
				CLANG_WARN_QUOTED_INCLUDE_IN_FRAMEWORK_HEADER = YES;
				CLANG_WARN_RANGE_LOOP_ANALYSIS = YES;
				CLANG_WARN_STRICT_PROTOTYPES = YES;
				CLANG_WARN_SUSPICIOUS_MOVE = YES;
				CLANG_WARN_UNGUARDED_AVAILABILITY = YES_AGGRESSIVE;
				CLANG_WARN_UNREACHABLE_CODE = YES;
				CLANG_WARN__DUPLICATE_METHOD_MATCH = YES;
				COPY_PHASE_STRIP = NO;
				DEBUG_INFORMATION_FORMAT = dwarf;
				ENABLE_STRICT_OBJC_MSGSEND = YES;
				ENABLE_TESTABILITY = YES;
				GCC_C_LANGUAGE_STANDARD = gnu11;
				GCC_DYNAMIC_NO_PIC = NO;
				GCC_NO_COMMON_BLOCKS = YES;
				GCC_OPTIMIZATION_LEVEL = 0;
				GCC_PREPROCESSOR_DEFINITIONS = (
					"DEBUG=1",
					"$(inherited)",
				);
				GCC_WARN_64_TO_32_BIT_CONVERSION = YES;
				GCC_WARN_ABOUT_RETURN_TYPE = YES_ERROR;
				GCC_WARN_UNDECLARED_SELECTOR = YES;
				GCC_WARN_UNINITIALIZED_AUTOS = YES_AGGRESSIVE;
				GCC_WARN_UNUSED_FUNCTION = YES;
				GCC_WARN_UNUSED_VARIABLE = YES;
				MACOSX_DEPLOYMENT_TARGET = 11.3;
				MTL_ENABLE_DEBUG_INFO = INCLUDE_SOURCE;
				MTL_FAST_MATH = YES;
				ONLY_ACTIVE_ARCH = YES;
				SDKROOT = macosx;
			};
			name = Debug;
		};
		E66128C627A8F51F00B5134C /* Release */ = {
			isa = XCBuildConfiguration;
			buildSettings = {
				ALWAYS_SEARCH_USER_PATHS = NO;
				CLANG_ANALYZER_NONNULL = YES;
				CLANG_ANALYZER_NUMBER_OBJECT_CONVERSION = YES_AGGRESSIVE;
				CLANG_CXX_LANGUAGE_STANDARD = "gnu++14";
				CLANG_CXX_LIBRARY = "libc++";
				CLANG_ENABLE_MODULES = YES;
				CLANG_ENABLE_OBJC_ARC = YES;
				CLANG_ENABLE_OBJC_WEAK = YES;
				CLANG_WARN_BLOCK_CAPTURE_AUTORELEASING = YES;
				CLANG_WARN_BOOL_CONVERSION = YES;
				CLANG_WARN_COMMA = YES;
				CLANG_WARN_CONSTANT_CONVERSION = YES;
				CLANG_WARN_DEPRECATED_OBJC_IMPLEMENTATIONS = YES;
				CLANG_WARN_DIRECT_OBJC_ISA_USAGE = YES_ERROR;
				CLANG_WARN_DOCUMENTATION_COMMENTS = YES;
				CLANG_WARN_EMPTY_BODY = YES;
				CLANG_WARN_ENUM_CONVERSION = YES;
				CLANG_WARN_INFINITE_RECURSION = YES;
				CLANG_WARN_INT_CONVERSION = YES;
				CLANG_WARN_NON_LITERAL_NULL_CONVERSION = YES;
				CLANG_WARN_OBJC_IMPLICIT_RETAIN_SELF = YES;
				CLANG_WARN_OBJC_LITERAL_CONVERSION = YES;
				CLANG_WARN_OBJC_ROOT_CLASS = YES_ERROR;
				CLANG_WARN_QUOTED_INCLUDE_IN_FRAMEWORK_HEADER = YES;
				CLANG_WARN_RANGE_LOOP_ANALYSIS = YES;
				CLANG_WARN_STRICT_PROTOTYPES = YES;
				CLANG_WARN_SUSPICIOUS_MOVE = YES;
				CLANG_WARN_UNGUARDED_AVAILABILITY = YES_AGGRESSIVE;
				CLANG_WARN_UNREACHABLE_CODE = YES;
				CLANG_WARN__DUPLICATE_METHOD_MATCH = YES;
				COPY_PHASE_STRIP = NO;
				DEBUG_INFORMATION_FORMAT = "dwarf-with-dsym";
				ENABLE_NS_ASSERTIONS = NO;
				ENABLE_STRICT_OBJC_MSGSEND = YES;
				GCC_C_LANGUAGE_STANDARD = gnu11;
				GCC_NO_COMMON_BLOCKS = YES;
				GCC_WARN_64_TO_32_BIT_CONVERSION = YES;
				GCC_WARN_ABOUT_RETURN_TYPE = YES_ERROR;
				GCC_WARN_UNDECLARED_SELECTOR = YES;
				GCC_WARN_UNINITIALIZED_AUTOS = YES_AGGRESSIVE;
				GCC_WARN_UNUSED_FUNCTION = YES;
				GCC_WARN_UNUSED_VARIABLE = YES;
				MACOSX_DEPLOYMENT_TARGET = 11.3;
				MTL_ENABLE_DEBUG_INFO = NO;
				MTL_FAST_MATH = YES;
				SDKROOT = macosx;
			};
			name = Release;
		};
		E66128C827A8F51F00B5134C /* Debug */ = {
			isa = XCBuildConfiguration;
			buildSettings = {
				CODE_SIGN_STYLE = Automatic;
				PRODUCT_NAME = "$(TARGET_NAME)";
			};
			name = Debug;
		};
		E66128C927A8F51F00B5134C /* Release */ = {
			isa = XCBuildConfiguration;
			buildSettings = {
				CODE_SIGN_STYLE = Automatic;
				PRODUCT_NAME = "$(TARGET_NAME)";
			};
			name = Release;
		};
/* End XCBuildConfiguration section */

/* Begin XCConfigurationList section */
		E66128BB27A8F51F00B5134C /* Build configuration list for PBXProject "p2-cv" */ = {
			isa = XCConfigurationList;
			buildConfigurations = (
				E66128C527A8F51F00B5134C /* Debug */,
				E66128C627A8F51F00B5134C /* Release */,
			);
			defaultConfigurationIsVisible = 0;
			defaultConfigurationName = Release;
		};
		E66128C727A8F51F00B5134C /* Build configuration list for PBXNativeTarget "p2-cv" */ = {
			isa = XCConfigurationList;
			buildConfigurations = (
				E66128C827A8F51F00B5134C /* Debug */,
				E66128C927A8F51F00B5134C /* Release */,
			);
			defaultConfigurationIsVisible = 0;
			defaultConfigurationName = Release;
		};
/* End XCConfigurationList section */
	};
	rootObject = E66128B827A8F51F00B5134C /* Project object */;
}
