// !$*UTF8*$!
{
	archiveVersion = 1;
	classes = {
	};
	objectVersion = 50;
	objects = {

/* Begin PBXBuildFile section */
		E681D43C27E6CA2200C17293 /* List.h in Sources */ = {isa = PBXBuildFile; fileRef = E681D42627E6BBA500C17293 /* List.h */; };
		E681D43F27EA296500C17293 /* unit_test_framework.h in Sources */ = {isa = PBXBuildFile; fileRef = E681D42D27E6BBBE00C17293 /* unit_test_framework.h */; };
		E681D44927EE86EC00C17293 /* List_compile_check.cpp in Sources */ = {isa = PBXBuildFile; fileRef = E681D42027E6BBA500C17293 /* List_compile_check.cpp */; };
/* End PBXBuildFile section */

/* Begin PBXCopyFilesBuildPhase section */
		E681D41427E6BAF300C17293 /* CopyFiles */ = {
			isa = PBXCopyFilesBuildPhase;
			buildActionMask = 2147483647;
			dstPath = /usr/share/man/man1/;
			dstSubfolderSpec = 0;
			files = (
			);
			runOnlyForDeploymentPostprocessing = 1;
		};
/* End PBXCopyFilesBuildPhase section */

/* Begin PBXFileReference section */
		E681D41627E6BAF300C17293 /* p4-web */ = {isa = PBXFileReference; explicitFileType = "compiled.mach-o.executable"; includeInIndex = 0; path = "p4-web"; sourceTree = BUILT_PRODUCTS_DIR; };
		E681D42027E6BBA500C17293 /* List_compile_check.cpp */ = {isa = PBXFileReference; fileEncoding = 4; lastKnownFileType = sourcecode.cpp.cpp; name = List_compile_check.cpp; path = ../../List_compile_check.cpp; sourceTree = "<group>"; };
		E681D42127E6BBA500C17293 /* index.css */ = {isa = PBXFileReference; fileEncoding = 4; lastKnownFileType = text.css; name = index.css; path = ../../index.css; sourceTree = "<group>"; };
		E681D42227E6BBA500C17293 /* json.hpp */ = {isa = PBXFileReference; fileEncoding = 4; lastKnownFileType = sourcecode.cpp.h; name = json.hpp; path = ../../json.hpp; sourceTree = "<group>"; };
		E681D42327E6BBA500C17293 /* List_public_test.cpp */ = {isa = PBXFileReference; fileEncoding = 4; lastKnownFileType = sourcecode.cpp.cpp; name = List_public_test.cpp; path = ../../List_public_test.cpp; sourceTree = "<group>"; };
		E681D42427E6BBA500C17293 /* api.cpp */ = {isa = PBXFileReference; fileEncoding = 4; lastKnownFileType = sourcecode.cpp.cpp; name = api.cpp; path = ../../api.cpp; sourceTree = "<group>"; };
		E681D42527E6BBA500C17293 /* index.html */ = {isa = PBXFileReference; fileEncoding = 4; lastKnownFileType = text.html; name = index.html; path = ../../index.html; sourceTree = "<group>"; };
		E681D42627E6BBA500C17293 /* List.h */ = {isa = PBXFileReference; fileEncoding = 4; lastKnownFileType = sourcecode.c.h; name = List.h; path = ../../List.h; sourceTree = "<group>"; };
		E681D42727E6BBA500C17293 /* List_tests.cpp */ = {isa = PBXFileReference; fileEncoding = 4; lastKnownFileType = sourcecode.cpp.cpp; name = List_tests.cpp; path = ../../List_tests.cpp; sourceTree = "<group>"; };
		E681D42C27E6BBBE00C17293 /* test02.out.correct */ = {isa = PBXFileReference; fileEncoding = 4; lastKnownFileType = text; name = test02.out.correct; path = ../../test02.out.correct; sourceTree = "<group>"; };
		E681D42D27E6BBBE00C17293 /* unit_test_framework.h */ = {isa = PBXFileReference; fileEncoding = 4; lastKnownFileType = sourcecode.c.h; name = unit_test_framework.h; path = ../../unit_test_framework.h; sourceTree = "<group>"; };
		E681D42E27E6BBBE00C17293 /* test03.out.correct */ = {isa = PBXFileReference; fileEncoding = 4; lastKnownFileType = text; name = test03.out.correct; path = ../../test03.out.correct; sourceTree = "<group>"; };
		E681D42F27E6BBBF00C17293 /* test01.in */ = {isa = PBXFileReference; fileEncoding = 4; lastKnownFileType = text; name = test01.in; path = ../../test01.in; sourceTree = "<group>"; };
		E681D43027E6BBBF00C17293 /* public_error01.in */ = {isa = PBXFileReference; fileEncoding = 4; lastKnownFileType = text; name = public_error01.in; path = ../../public_error01.in; sourceTree = "<group>"; };
		E681D43127E6BBBF00C17293 /* test02.in */ = {isa = PBXFileReference; fileEncoding = 4; lastKnownFileType = text; name = test02.in; path = ../../test02.in; sourceTree = "<group>"; };
		E681D43227E6BBBF00C17293 /* test01.out.correct */ = {isa = PBXFileReference; fileEncoding = 4; lastKnownFileType = text; name = test01.out.correct; path = ../../test01.out.correct; sourceTree = "<group>"; };
		E681D43327E6BBBF00C17293 /* test03.in */ = {isa = PBXFileReference; fileEncoding = 4; lastKnownFileType = text; name = test03.in; path = ../../test03.in; sourceTree = "<group>"; };
		E681D43427E6BBBF00C17293 /* test05.out.correct */ = {isa = PBXFileReference; fileEncoding = 4; lastKnownFileType = text; name = test05.out.correct; path = ../../test05.out.correct; sourceTree = "<group>"; };
		E681D43527E6BBBF00C17293 /* test05.in */ = {isa = PBXFileReference; fileEncoding = 4; lastKnownFileType = text; name = test05.in; path = ../../test05.in; sourceTree = "<group>"; };
		E681D43627E6BBBF00C17293 /* test04.out.correct */ = {isa = PBXFileReference; fileEncoding = 4; lastKnownFileType = text; name = test04.out.correct; path = ../../test04.out.correct; sourceTree = "<group>"; };
		E681D43727E6BBBF00C17293 /* server.py */ = {isa = PBXFileReference; fileEncoding = 4; lastKnownFileType = text.script.python; name = server.py; path = ../../server.py; sourceTree = "<group>"; };
		E681D43827E6BBBF00C17293 /* public_error01.out.correct */ = {isa = PBXFileReference; fileEncoding = 4; lastKnownFileType = text; name = public_error01.out.correct; path = ../../public_error01.out.correct; sourceTree = "<group>"; };
		E681D43927E6BBBF00C17293 /* test04.in */ = {isa = PBXFileReference; fileEncoding = 4; lastKnownFileType = text; name = test04.in; path = ../../test04.in; sourceTree = "<group>"; };
		E681D43A27E6BBC700C17293 /* Makefile */ = {isa = PBXFileReference; fileEncoding = 4; lastKnownFileType = sourcecode.make; name = Makefile; path = ../../Makefile; sourceTree = "<group>"; };
/* End PBXFileReference section */

/* Begin PBXFrameworksBuildPhase section */
		E681D41327E6BAF300C17293 /* Frameworks */ = {
			isa = PBXFrameworksBuildPhase;
			buildActionMask = 2147483647;
			files = (
			);
			runOnlyForDeploymentPostprocessing = 0;
		};
/* End PBXFrameworksBuildPhase section */

/* Begin PBXGroup section */
		E681D40D27E6BAF300C17293 = {
			isa = PBXGroup;
			children = (
				E681D41827E6BAF300C17293 /* p4-web */,
				E681D41727E6BAF300C17293 /* Products */,
			);
			sourceTree = "<group>";
		};
		E681D41727E6BAF300C17293 /* Products */ = {
			isa = PBXGroup;
			children = (
				E681D41627E6BAF300C17293 /* p4-web */,
			);
			name = Products;
			sourceTree = "<group>";
		};
		E681D41827E6BAF300C17293 /* p4-web */ = {
			isa = PBXGroup;
			children = (
				E681D43A27E6BBC700C17293 /* Makefile */,
				E681D43027E6BBBF00C17293 /* public_error01.in */,
				E681D43827E6BBBF00C17293 /* public_error01.out.correct */,
				E681D43727E6BBBF00C17293 /* server.py */,
				E681D42F27E6BBBF00C17293 /* test01.in */,
				E681D43227E6BBBF00C17293 /* test01.out.correct */,
				E681D43127E6BBBF00C17293 /* test02.in */,
				E681D42C27E6BBBE00C17293 /* test02.out.correct */,
				E681D43327E6BBBF00C17293 /* test03.in */,
				E681D42E27E6BBBE00C17293 /* test03.out.correct */,
				E681D43927E6BBBF00C17293 /* test04.in */,
				E681D43627E6BBBF00C17293 /* test04.out.correct */,
				E681D43527E6BBBF00C17293 /* test05.in */,
				E681D43427E6BBBF00C17293 /* test05.out.correct */,
				E681D42D27E6BBBE00C17293 /* unit_test_framework.h */,
				E681D42427E6BBA500C17293 /* api.cpp */,
				E681D42127E6BBA500C17293 /* index.css */,
				E681D42527E6BBA500C17293 /* index.html */,
				E681D42227E6BBA500C17293 /* json.hpp */,
				E681D42027E6BBA500C17293 /* List_compile_check.cpp */,
				E681D42327E6BBA500C17293 /* List_public_test.cpp */,
				E681D42727E6BBA500C17293 /* List_tests.cpp */,
				E681D42627E6BBA500C17293 /* List.h */,
			);
			path = "p4-web";
			sourceTree = "<group>";
		};
/* End PBXGroup section */

/* Begin PBXNativeTarget section */
		E681D41527E6BAF300C17293 /* p4-web */ = {
			isa = PBXNativeTarget;
			buildConfigurationList = E681D41D27E6BAF300C17293 /* Build configuration list for PBXNativeTarget "p4-web" */;
			buildPhases = (
				E681D41227E6BAF300C17293 /* Sources */,
				E681D41327E6BAF300C17293 /* Frameworks */,
				E681D41427E6BAF300C17293 /* CopyFiles */,
			);
			buildRules = (
			);
			dependencies = (
			);
			name = "p4-web";
			productName = "p4-web";
			productReference = E681D41627E6BAF300C17293 /* p4-web */;
			productType = "com.apple.product-type.tool";
		};
/* End PBXNativeTarget section */

/* Begin PBXProject section */
		E681D40E27E6BAF300C17293 /* Project object */ = {
			isa = PBXProject;
			attributes = {
				LastUpgradeCheck = 1250;
				TargetAttributes = {
					E681D41527E6BAF300C17293 = {
						CreatedOnToolsVersion = 12.5.1;
					};
				};
			};
			buildConfigurationList = E681D41127E6BAF300C17293 /* Build configuration list for PBXProject "p4-web" */;
			compatibilityVersion = "Xcode 9.3";
			developmentRegion = en;
			hasScannedForEncodings = 0;
			knownRegions = (
				en,
				Base,
			);
			mainGroup = E681D40D27E6BAF300C17293;
			productRefGroup = E681D41727E6BAF300C17293 /* Products */;
			projectDirPath = "";
			projectRoot = "";
			targets = (
				E681D41527E6BAF300C17293 /* p4-web */,
			);
		};
/* End PBXProject section */

/* Begin PBXSourcesBuildPhase section */
		E681D41227E6BAF300C17293 /* Sources */ = {
			isa = PBXSourcesBuildPhase;
			buildActionMask = 2147483647;
			files = (
				E681D44927EE86EC00C17293 /* List_compile_check.cpp in Sources */,
				E681D43F27EA296500C17293 /* unit_test_framework.h in Sources */,
				E681D43C27E6CA2200C17293 /* List.h in Sources */,
			);
			runOnlyForDeploymentPostprocessing = 0;
		};
/* End PBXSourcesBuildPhase section */

/* Begin XCBuildConfiguration section */
		E681D41B27E6BAF300C17293 /* Debug */ = {
			isa = XCBuildConfiguration;
			buildSettings = {
				ALWAYS_SEARCH_USER_PATHS = NO;
				CLANG_ANALYZER_NONNULL = YES;
				CLANG_ANALYZER_NUMBER_OBJECT_CONVERSION = YES_AGGRESSIVE;
				CLANG_CXX_LANGUAGE_STANDARD = "gnu++14";
				CLANG_CXX_LIBRARY = "libc++";
				CLANG_ENABLE_MODULES = YES;
				CLANG_ENABLE_OBJC_ARC = YES;
				CLANG_ENABLE_OBJC_WEAK = YES;
				CLANG_WARN_BLOCK_CAPTURE_AUTORELEASING = YES;
				CLANG_WARN_BOOL_CONVERSION = YES;
				CLANG_WARN_COMMA = YES;
				CLANG_WARN_CONSTANT_CONVERSION = YES;
				CLANG_WARN_DEPRECATED_OBJC_IMPLEMENTATIONS = YES;
				CLANG_WARN_DIRECT_OBJC_ISA_USAGE = YES_ERROR;
				CLANG_WARN_DOCUMENTATION_COMMENTS = YES;
				CLANG_WARN_EMPTY_BODY = YES;
				CLANG_WARN_ENUM_CONVERSION = YES;
				CLANG_WARN_INFINITE_RECURSION = YES;
				CLANG_WARN_INT_CONVERSION = YES;
				CLANG_WARN_NON_LITERAL_NULL_CONVERSION = YES;
				CLANG_WARN_OBJC_IMPLICIT_RETAIN_SELF = YES;
				CLANG_WARN_OBJC_LITERAL_CONVERSION = YES;
				CLANG_WARN_OBJC_ROOT_CLASS = YES_ERROR;
				CLANG_WARN_QUOTED_INCLUDE_IN_FRAMEWORK_HEADER = YES;
				CLANG_WARN_RANGE_LOOP_ANALYSIS = YES;
				CLANG_WARN_STRICT_PROTOTYPES = YES;
				CLANG_WARN_SUSPICIOUS_MOVE = YES;
				CLANG_WARN_UNGUARDED_AVAILABILITY = YES_AGGRESSIVE;
				CLANG_WARN_UNREACHABLE_CODE = YES;
				CLANG_WARN__DUPLICATE_METHOD_MATCH = YES;
				COPY_PHASE_STRIP = NO;
				DEBUG_INFORMATION_FORMAT = dwarf;
				ENABLE_STRICT_OBJC_MSGSEND = YES;
				ENABLE_TESTABILITY = YES;
				GCC_C_LANGUAGE_STANDARD = gnu11;
				GCC_DYNAMIC_NO_PIC = NO;
				GCC_NO_COMMON_BLOCKS = YES;
				GCC_OPTIMIZATION_LEVEL = 0;
				GCC_PREPROCESSOR_DEFINITIONS = (
					"DEBUG=1",
					"$(inherited)",
				);
				GCC_WARN_64_TO_32_BIT_CONVERSION = YES;
				GCC_WARN_ABOUT_RETURN_TYPE = YES_ERROR;
				GCC_WARN_UNDECLARED_SELECTOR = YES;
				GCC_WARN_UNINITIALIZED_AUTOS = YES_AGGRESSIVE;
				GCC_WARN_UNUSED_FUNCTION = YES;
				GCC_WARN_UNUSED_VARIABLE = YES;
				MACOSX_DEPLOYMENT_TARGET = 11.3;
				MTL_ENABLE_DEBUG_INFO = INCLUDE_SOURCE;
				MTL_FAST_MATH = YES;
				ONLY_ACTIVE_ARCH = YES;
				SDKROOT = macosx;
			};
			name = Debug;
		};
		E681D41C27E6BAF300C17293 /* Release */ = {
			isa = XCBuildConfiguration;
			buildSettings = {
				ALWAYS_SEARCH_USER_PATHS = NO;
				CLANG_ANALYZER_NONNULL = YES;
				CLANG_ANALYZER_NUMBER_OBJECT_CONVERSION = YES_AGGRESSIVE;
				CLANG_CXX_LANGUAGE_STANDARD = "gnu++14";
				CLANG_CXX_LIBRARY = "libc++";
				CLANG_ENABLE_MODULES = YES;
				CLANG_ENABLE_OBJC_ARC = YES;
				CLANG_ENABLE_OBJC_WEAK = YES;
				CLANG_WARN_BLOCK_CAPTURE_AUTORELEASING = YES;
				CLANG_WARN_BOOL_CONVERSION = YES;
				CLANG_WARN_COMMA = YES;
				CLANG_WARN_CONSTANT_CONVERSION = YES;
				CLANG_WARN_DEPRECATED_OBJC_IMPLEMENTATIONS = YES;
				CLANG_WARN_DIRECT_OBJC_ISA_USAGE = YES_ERROR;
				CLANG_WARN_DOCUMENTATION_COMMENTS = YES;
				CLANG_WARN_EMPTY_BODY = YES;
				CLANG_WARN_ENUM_CONVERSION = YES;
				CLANG_WARN_INFINITE_RECURSION = YES;
				CLANG_WARN_INT_CONVERSION = YES;
				CLANG_WARN_NON_LITERAL_NULL_CONVERSION = YES;
				CLANG_WARN_OBJC_IMPLICIT_RETAIN_SELF = YES;
				CLANG_WARN_OBJC_LITERAL_CONVERSION = YES;
				CLANG_WARN_OBJC_ROOT_CLASS = YES_ERROR;
				CLANG_WARN_QUOTED_INCLUDE_IN_FRAMEWORK_HEADER = YES;
				CLANG_WARN_RANGE_LOOP_ANALYSIS = YES;
				CLANG_WARN_STRICT_PROTOTYPES = YES;
				CLANG_WARN_SUSPICIOUS_MOVE = YES;
				CLANG_WARN_UNGUARDED_AVAILABILITY = YES_AGGRESSIVE;
				CLANG_WARN_UNREACHABLE_CODE = YES;
				CLANG_WARN__DUPLICATE_METHOD_MATCH = YES;
				COPY_PHASE_STRIP = NO;
				DEBUG_INFORMATION_FORMAT = "dwarf-with-dsym";
				ENABLE_NS_ASSERTIONS = NO;
				ENABLE_STRICT_OBJC_MSGSEND = YES;
				GCC_C_LANGUAGE_STANDARD = gnu11;
				GCC_NO_COMMON_BLOCKS = YES;
				GCC_WARN_64_TO_32_BIT_CONVERSION = YES;
				GCC_WARN_ABOUT_RETURN_TYPE = YES_ERROR;
				GCC_WARN_UNDECLARED_SELECTOR = YES;
				GCC_WARN_UNINITIALIZED_AUTOS = YES_AGGRESSIVE;
				GCC_WARN_UNUSED_FUNCTION = YES;
				GCC_WARN_UNUSED_VARIABLE = YES;
				MACOSX_DEPLOYMENT_TARGET = 11.3;
				MTL_ENABLE_DEBUG_INFO = NO;
				MTL_FAST_MATH = YES;
				SDKROOT = macosx;
			};
			name = Release;
		};
		E681D41E27E6BAF300C17293 /* Debug */ = {
			isa = XCBuildConfiguration;
			buildSettings = {
				CODE_SIGN_STYLE = Automatic;
				PRODUCT_NAME = "$(TARGET_NAME)";
			};
			name = Debug;
		};
		E681D41F27E6BAF300C17293 /* Release */ = {
			isa = XCBuildConfiguration;
			buildSettings = {
				CODE_SIGN_STYLE = Automatic;
				PRODUCT_NAME = "$(TARGET_NAME)";
			};
			name = Release;
		};
/* End XCBuildConfiguration section */

/* Begin XCConfigurationList section */
		E681D41127E6BAF300C17293 /* Build configuration list for PBXProject "p4-web" */ = {
			isa = XCConfigurationList;
			buildConfigurations = (
				E681D41B27E6BAF300C17293 /* Debug */,
				E681D41C27E6BAF300C17293 /* Release */,
			);
			defaultConfigurationIsVisible = 0;
			defaultConfigurationName = Release;
		};
		E681D41D27E6BAF300C17293 /* Build configuration list for PBXNativeTarget "p4-web" */ = {
			isa = XCConfigurationList;
			buildConfigurations = (
				E681D41E27E6BAF300C17293 /* Debug */,
				E681D41F27E6BAF300C17293 /* Release */,
			);
			defaultConfigurationIsVisible = 0;
			defaultConfigurationName = Release;
		};
/* End XCConfigurationList section */
	};
	rootObject = E681D40E27E6BAF300C17293 /* Project object */;
}
